
Microsoft Visual Studio Solution File, Format Version 12.00
# Visual Studio Version 17
VisualStudioVersion = 17.8.34316.72
MinimumVisualStudioVersion = 10.0.40219.1
Project("{FAE04EC0-301F-11D3-BF4B-00C04F79EFBC}") = "IaOrganization", "ToDoList\IaOrganization.csproj", "{B49DCFCE-749D-4801-9FEE-175A2893FCF8}"
EndProject
Global
	GlobalSection(SolutionConfigurationPlatforms) = preSolution
		Debug|Any CPU = Debug|Any CPU
		Release|Any CPU = Release|Any CPU
	EndGlobalSection
	GlobalSection(ProjectConfigurationPlatforms) = postSolution
		{B49DCFCE-749D-4801-9FEE-175A2893FCF8}.Debug|Any CPU.ActiveCfg = Debug|Any CPU
		{B49DCFCE-749D-4801-9FEE-175A2893FCF8}.Debug|Any CPU.Build.0 = Debug|Any CPU
		{B49DCFCE-749D-4801-9FEE-175A2893FCF8}.Release|Any CPU.ActiveCfg = Release|Any CPU
		{B49DCFCE-749D-4801-9FEE-175A2893FCF8}.Release|Any CPU.Build.0 = Release|Any CPU
	EndGlobalSection
	GlobalSection(SolutionProperties) = preSolution
		HideSolutionNode = FALSE
	EndGlobalSection
	GlobalSection(ExtensibilityGlobals) = postSolution
		SolutionGuid = {F23C6C69-EBD8-4DE3-9BFF-3F37A6CF0CBC}
	EndGlobalSection
EndGlobal
